
Microsoft Visual Studio Solution File, Format Version 12.00
# Visual Studio Version 17
VisualStudioVersion = 17.8.34525.116
MinimumVisualStudioVersion = 10.0.40219.1
Project("{FAE04EC0-301F-11D3-BF4B-00C04F79EFBC}") = "HandyHero", "HandyHero\HandyHero.csproj", "{6B46A334-BFC5-41C3-86FF-66FF9C7C201F}"
EndProject
Global
	GlobalSection(SolutionConfigurationPlatforms) = preSolution
		Debug|Any CPU = Debug|Any CPU
		Release|Any CPU = Release|Any CPU
	EndGlobalSection
	GlobalSection(ProjectConfigurationPlatforms) = postSolution
		{6B46A334-BFC5-41C3-86FF-66FF9C7C201F}.Debug|Any CPU.ActiveCfg = Debug|Any CPU
		{6B46A334-BFC5-41C3-86FF-66FF9C7C201F}.Debug|Any CPU.Build.0 = Debug|Any CPU
		{6B46A334-BFC5-41C3-86FF-66FF9C7C201F}.Release|Any CPU.ActiveCfg = Release|Any CPU
		{6B46A334-BFC5-41C3-86FF-66FF9C7C201F}.Release|Any CPU.Build.0 = Release|Any CPU
	EndGlobalSection
	GlobalSection(SolutionProperties) = preSolution
		HideSolutionNode = FALSE
	EndGlobalSection
	GlobalSection(ExtensibilityGlobals) = postSolution
		SolutionGuid = {19C615B9-0805-49A7-93A1-2ABB82C46EFA}
	EndGlobalSection
EndGlobal
